
Microsoft Visual Studio Solution File, Format Version 12.00
# Visual Studio Version 17
VisualStudioVersion = 17.10.35122.118
MinimumVisualStudioVersion = 10.0.40219.1
Project("{9A19103F-16F7-4668-BE54-9A1E7A4F7556}") = "Aesthetics", "Aesthetics\Aesthetics.csproj", "{525FDB6C-0ED9-43E2-810B-2318173F6B4E}"
EndProject
Project("{9A19103F-16F7-4668-BE54-9A1E7A4F7556}") = "Cabinet", "Cabinet\Cabinet.csproj", "{2D7C167C-25AE-4B74-9D72-9379DE065521}"
EndProject
Project("{9A19103F-16F7-4668-BE54-9A1E7A4F7556}") = "Aesthetics.VisualTests", "Aesthetics.VisualTests\Aesthetics.VisualTests.csproj", "{A8439524-5E38-496A-9AB7-185ED16B6AD8}"
EndProject
Project("{9A19103F-16F7-4668-BE54-9A1E7A4F7556}") = "Bubble.Aesthetics", "Bubble.Aesthetics\Bubble.Aesthetics.csproj", "{69809B17-F837-420F-A900-D8D02033FC23}"
EndProject
Project("{9A19103F-16F7-4668-BE54-9A1E7A4F7556}") = "Bubble", "Bubble\Bubble.csproj", "{B9219695-9294-4321-8F24-3B037D668DA3}"
EndProject
Project("{FAE04EC0-301F-11D3-BF4B-00C04F79EFBC}") = "Cabinet.Tests", "Cabinet.Tests\Cabinet.Tests.csproj", "{B5FE3626-2AA8-4A40-804A-A5343A5D281B}"
EndProject
Project("{FAE04EC0-301F-11D3-BF4B-00C04F79EFBC}") = "Bubble.Tests", "Bubble.Tests\Bubble.Tests.csproj", "{BE6171FB-C5B4-4794-ABC0-8E56DAFFD3FD}"
EndProject
Project("{2150E333-8FDC-42A3-9474-1A3956D46DE8}") = "Tests", "Tests", "{28CDE2C9-7674-4249-B0A3-5798D0EBC436}"
EndProject
Global
	GlobalSection(SolutionConfigurationPlatforms) = preSolution
		Debug|Any CPU = Debug|Any CPU
		Release|Any CPU = Release|Any CPU
	EndGlobalSection
	GlobalSection(ProjectConfigurationPlatforms) = postSolution
		{525FDB6C-0ED9-43E2-810B-2318173F6B4E}.Debug|Any CPU.ActiveCfg = Debug|Any CPU
		{525FDB6C-0ED9-43E2-810B-2318173F6B4E}.Debug|Any CPU.Build.0 = Debug|Any CPU
		{525FDB6C-0ED9-43E2-810B-2318173F6B4E}.Release|Any CPU.ActiveCfg = Release|Any CPU
		{525FDB6C-0ED9-43E2-810B-2318173F6B4E}.Release|Any CPU.Build.0 = Release|Any CPU
		{2D7C167C-25AE-4B74-9D72-9379DE065521}.Debug|Any CPU.ActiveCfg = Debug|Any CPU
		{2D7C167C-25AE-4B74-9D72-9379DE065521}.Debug|Any CPU.Build.0 = Debug|Any CPU
		{2D7C167C-25AE-4B74-9D72-9379DE065521}.Release|Any CPU.ActiveCfg = Release|Any CPU
		{2D7C167C-25AE-4B74-9D72-9379DE065521}.Release|Any CPU.Build.0 = Release|Any CPU
		{A8439524-5E38-496A-9AB7-185ED16B6AD8}.Debug|Any CPU.ActiveCfg = Debug|Any CPU
		{A8439524-5E38-496A-9AB7-185ED16B6AD8}.Debug|Any CPU.Build.0 = Debug|Any CPU
		{A8439524-5E38-496A-9AB7-185ED16B6AD8}.Release|Any CPU.ActiveCfg = Release|Any CPU
		{A8439524-5E38-496A-9AB7-185ED16B6AD8}.Release|Any CPU.Build.0 = Release|Any CPU
		{69809B17-F837-420F-A900-D8D02033FC23}.Debug|Any CPU.ActiveCfg = Debug|Any CPU
		{69809B17-F837-420F-A900-D8D02033FC23}.Debug|Any CPU.Build.0 = Debug|Any CPU
		{69809B17-F837-420F-A900-D8D02033FC23}.Release|Any CPU.ActiveCfg = Release|Any CPU
		{69809B17-F837-420F-A900-D8D02033FC23}.Release|Any CPU.Build.0 = Release|Any CPU
		{B9219695-9294-4321-8F24-3B037D668DA3}.Debug|Any CPU.ActiveCfg = Debug|Any CPU
		{B9219695-9294-4321-8F24-3B037D668DA3}.Debug|Any CPU.Build.0 = Debug|Any CPU
		{B9219695-9294-4321-8F24-3B037D668DA3}.Release|Any CPU.ActiveCfg = Release|Any CPU
		{B9219695-9294-4321-8F24-3B037D668DA3}.Release|Any CPU.Build.0 = Release|Any CPU
		{B5FE3626-2AA8-4A40-804A-A5343A5D281B}.Debug|Any CPU.ActiveCfg = Debug|Any CPU
		{B5FE3626-2AA8-4A40-804A-A5343A5D281B}.Debug|Any CPU.Build.0 = Debug|Any CPU
		{B5FE3626-2AA8-4A40-804A-A5343A5D281B}.Release|Any CPU.ActiveCfg = Release|Any CPU
		{B5FE3626-2AA8-4A40-804A-A5343A5D281B}.Release|Any CPU.Build.0 = Release|Any CPU
		{BE6171FB-C5B4-4794-ABC0-8E56DAFFD3FD}.Debug|Any CPU.ActiveCfg = Debug|Any CPU
		{BE6171FB-C5B4-4794-ABC0-8E56DAFFD3FD}.Debug|Any CPU.Build.0 = Debug|Any CPU
		{BE6171FB-C5B4-4794-ABC0-8E56DAFFD3FD}.Release|Any CPU.ActiveCfg = Release|Any CPU
		{BE6171FB-C5B4-4794-ABC0-8E56DAFFD3FD}.Release|Any CPU.Build.0 = Release|Any CPU
	EndGlobalSection
	GlobalSection(SolutionProperties) = preSolution
		HideSolutionNode = FALSE
	EndGlobalSection
	GlobalSection(NestedProjects) = preSolution
		{A8439524-5E38-496A-9AB7-185ED16B6AD8} = {28CDE2C9-7674-4249-B0A3-5798D0EBC436}
		{B5FE3626-2AA8-4A40-804A-A5343A5D281B} = {28CDE2C9-7674-4249-B0A3-5798D0EBC436}
		{BE6171FB-C5B4-4794-ABC0-8E56DAFFD3FD} = {28CDE2C9-7674-4249-B0A3-5798D0EBC436}
	EndGlobalSection
	GlobalSection(ExtensibilityGlobals) = postSolution
		SolutionGuid = {35B5FF5A-4972-4227-9A20-EF236359BED6}
	EndGlobalSection
EndGlobal
